
Microsoft Visual Studio Solution File, Format Version 12.00
# Visual Studio Version 16
VisualStudioVersion = 16.0.30309.148
MinimumVisualStudioVersion = 10.0.40219.1
Project("{FAE04EC0-301F-11D3-BF4B-00C04F79EFBC}") = "FinanceManager", "FinanceManager\FinanceManager.csproj", "{ABD9A7A3-69FD-458D-9460-200A10867DB7}"
EndProject
Global
	GlobalSection(SolutionConfigurationPlatforms) = preSolution
		Debug|Any CPU = Debug|Any CPU
		Release|Any CPU = Release|Any CPU
	EndGlobalSection
	GlobalSection(ProjectConfigurationPlatforms) = postSolution
		{ABD9A7A3-69FD-458D-9460-200A10867DB7}.Debug|Any CPU.ActiveCfg = Debug|Any CPU
		{ABD9A7A3-69FD-458D-9460-200A10867DB7}.Debug|Any CPU.Build.0 = Debug|Any CPU
		{ABD9A7A3-69FD-458D-9460-200A10867DB7}.Release|Any CPU.ActiveCfg = Release|Any CPU
		{ABD9A7A3-69FD-458D-9460-200A10867DB7}.Release|Any CPU.Build.0 = Release|Any CPU
	EndGlobalSection
	GlobalSection(SolutionProperties) = preSolution
		HideSolutionNode = FALSE
	EndGlobalSection
	GlobalSection(ExtensibilityGlobals) = postSolution
		SolutionGuid = {CA7A1259-07CC-43B2-A647-EB2A49A64B29}
	EndGlobalSection
EndGlobal
