
Microsoft Visual Studio Solution File, Format Version 12.00
# Visual Studio Version 16
VisualStudioVersion = 16.0.30503.244
MinimumVisualStudioVersion = 10.0.40219.1
Project("{9A19103F-16F7-4668-BE54-9A1E7A4F7556}") = "FinanceManager", "FinanceManager\FinanceManager.csproj", "{9354A281-85F2-4E53-8CE8-AE87F3245478}"
EndProject
Project("{2150E333-8FDC-42A3-9474-1A3956D46DE8}") = "FinanceManager.Mvc", "FinanceManager.Mvc", "{4B59235A-A0FB-4F83-BDEA-980A04AD05E4}"
EndProject
Project("{2150E333-8FDC-42A3-9474-1A3956D46DE8}") = "FinanceManager.DDD", "FinanceManager.DDD", "{92423F26-6A1D-4527-BBF3-211AD7E85259}"
EndProject
Project("{2150E333-8FDC-42A3-9474-1A3956D46DE8}") = "01 - Domain", "01 - Domain", "{F762CB44-C902-49F4-9661-368BC4DBDF97}"
EndProject
Project("{FAE04EC0-301F-11D3-BF4B-00C04F79EFBC}") = "FinanceManager.Domain", "FinanceManager.Domain\FinanceManager.Domain.csproj", "{9F7C2A51-2E16-4AA0-8BA2-1216C19D99CD}"
EndProject
Project("{2150E333-8FDC-42A3-9474-1A3956D46DE8}") = "02- Infra", "02- Infra", "{C40D90C2-4B16-4CD9-A382-188232BF147F}"
EndProject
Project("{FAE04EC0-301F-11D3-BF4B-00C04F79EFBC}") = "FinanceManager.Infra.CrossCutting", "FinanceManager.Infra.CrossCutting\FinanceManager.Infra.CrossCutting.csproj", "{466E09C2-1D21-4518-91DF-E70A14CD1FD6}"
EndProject
Project("{FAE04EC0-301F-11D3-BF4B-00C04F79EFBC}") = "FinanceManager.Infra.Data", "FinanceManager.Infra.Data\FinanceManager.Infra.Data.csproj", "{13DD4F02-0F76-40DC-9695-19F058203FA3}"
EndProject
Project("{2150E333-8FDC-42A3-9474-1A3956D46DE8}") = "03 - Services", "03 - Services", "{C43BBF64-3D56-478D-BF3D-1CCC11C3C569}"
EndProject
Project("{FAE04EC0-301F-11D3-BF4B-00C04F79EFBC}") = "FinanceManager.Services", "FinanceManager.Services\FinanceManager.Services.csproj", "{3B586A66-3BF0-49CB-9626-CCE01FBB1E46}"
EndProject
Project("{2150E333-8FDC-42A3-9474-1A3956D46DE8}") = "04 - Gateway", "04 - Gateway", "{A56C6C6D-FA42-4788-8064-CD6557BEFB49}"
EndProject
Project("{FAE04EC0-301F-11D3-BF4B-00C04F79EFBC}") = "FinanceManager.Api", "FinanceManager.Api\FinanceManager.Api.csproj", "{486AA030-A713-48A1-A8AE-F3228ED5D83E}"
EndProject
Project("{2150E333-8FDC-42A3-9474-1A3956D46DE8}") = "05 - Presentation", "05 - Presentation", "{1B12D12E-8542-493A-91AE-61C38A53CA2C}"
EndProject
Global
	GlobalSection(SolutionConfigurationPlatforms) = preSolution
		Debug|Any CPU = Debug|Any CPU
		Release|Any CPU = Release|Any CPU
	EndGlobalSection
	GlobalSection(ProjectConfigurationPlatforms) = postSolution
		{9354A281-85F2-4E53-8CE8-AE87F3245478}.Debug|Any CPU.ActiveCfg = Debug|Any CPU
		{9354A281-85F2-4E53-8CE8-AE87F3245478}.Debug|Any CPU.Build.0 = Debug|Any CPU
		{9354A281-85F2-4E53-8CE8-AE87F3245478}.Release|Any CPU.ActiveCfg = Release|Any CPU
		{9354A281-85F2-4E53-8CE8-AE87F3245478}.Release|Any CPU.Build.0 = Release|Any CPU
		{9F7C2A51-2E16-4AA0-8BA2-1216C19D99CD}.Debug|Any CPU.ActiveCfg = Debug|Any CPU
		{9F7C2A51-2E16-4AA0-8BA2-1216C19D99CD}.Debug|Any CPU.Build.0 = Debug|Any CPU
		{9F7C2A51-2E16-4AA0-8BA2-1216C19D99CD}.Release|Any CPU.ActiveCfg = Release|Any CPU
		{9F7C2A51-2E16-4AA0-8BA2-1216C19D99CD}.Release|Any CPU.Build.0 = Release|Any CPU
		{466E09C2-1D21-4518-91DF-E70A14CD1FD6}.Debug|Any CPU.ActiveCfg = Debug|Any CPU
		{466E09C2-1D21-4518-91DF-E70A14CD1FD6}.Debug|Any CPU.Build.0 = Debug|Any CPU
		{466E09C2-1D21-4518-91DF-E70A14CD1FD6}.Release|Any CPU.ActiveCfg = Release|Any CPU
		{466E09C2-1D21-4518-91DF-E70A14CD1FD6}.Release|Any CPU.Build.0 = Release|Any CPU
		{13DD4F02-0F76-40DC-9695-19F058203FA3}.Debug|Any CPU.ActiveCfg = Debug|Any CPU
		{13DD4F02-0F76-40DC-9695-19F058203FA3}.Debug|Any CPU.Build.0 = Debug|Any CPU
		{13DD4F02-0F76-40DC-9695-19F058203FA3}.Release|Any CPU.ActiveCfg = Release|Any CPU
		{13DD4F02-0F76-40DC-9695-19F058203FA3}.Release|Any CPU.Build.0 = Release|Any CPU
		{3B586A66-3BF0-49CB-9626-CCE01FBB1E46}.Debug|Any CPU.ActiveCfg = Debug|Any CPU
		{3B586A66-3BF0-49CB-9626-CCE01FBB1E46}.Debug|Any CPU.Build.0 = Debug|Any CPU
		{3B586A66-3BF0-49CB-9626-CCE01FBB1E46}.Release|Any CPU.ActiveCfg = Release|Any CPU
		{3B586A66-3BF0-49CB-9626-CCE01FBB1E46}.Release|Any CPU.Build.0 = Release|Any CPU
		{486AA030-A713-48A1-A8AE-F3228ED5D83E}.Debug|Any CPU.ActiveCfg = Debug|Any CPU
		{486AA030-A713-48A1-A8AE-F3228ED5D83E}.Debug|Any CPU.Build.0 = Debug|Any CPU
		{486AA030-A713-48A1-A8AE-F3228ED5D83E}.Release|Any CPU.ActiveCfg = Release|Any CPU
		{486AA030-A713-48A1-A8AE-F3228ED5D83E}.Release|Any CPU.Build.0 = Release|Any CPU
	EndGlobalSection
	GlobalSection(SolutionProperties) = preSolution
		HideSolutionNode = FALSE
	EndGlobalSection
	GlobalSection(NestedProjects) = preSolution
		{9354A281-85F2-4E53-8CE8-AE87F3245478} = {4B59235A-A0FB-4F83-BDEA-980A04AD05E4}
		{F762CB44-C902-49F4-9661-368BC4DBDF97} = {92423F26-6A1D-4527-BBF3-211AD7E85259}
		{9F7C2A51-2E16-4AA0-8BA2-1216C19D99CD} = {F762CB44-C902-49F4-9661-368BC4DBDF97}
		{C40D90C2-4B16-4CD9-A382-188232BF147F} = {92423F26-6A1D-4527-BBF3-211AD7E85259}
		{466E09C2-1D21-4518-91DF-E70A14CD1FD6} = {C40D90C2-4B16-4CD9-A382-188232BF147F}
		{13DD4F02-0F76-40DC-9695-19F058203FA3} = {C40D90C2-4B16-4CD9-A382-188232BF147F}
		{C43BBF64-3D56-478D-BF3D-1CCC11C3C569} = {92423F26-6A1D-4527-BBF3-211AD7E85259}
		{3B586A66-3BF0-49CB-9626-CCE01FBB1E46} = {C43BBF64-3D56-478D-BF3D-1CCC11C3C569}
		{A56C6C6D-FA42-4788-8064-CD6557BEFB49} = {92423F26-6A1D-4527-BBF3-211AD7E85259}
		{486AA030-A713-48A1-A8AE-F3228ED5D83E} = {A56C6C6D-FA42-4788-8064-CD6557BEFB49}
		{1B12D12E-8542-493A-91AE-61C38A53CA2C} = {92423F26-6A1D-4527-BBF3-211AD7E85259}
	EndGlobalSection
	GlobalSection(ExtensibilityGlobals) = postSolution
		SolutionGuid = {B31F2FFD-04D3-45D2-A211-F484E66477E6}
	EndGlobalSection
EndGlobal
